
Microsoft Visual Studio Solution File, Format Version 12.00
# Visual Studio Version 16
VisualStudioVersion = 16.0.28803.202
MinimumVisualStudioVersion = 10.0.40219.1
Project("{9A19103F-16F7-4668-BE54-9A1E7A4F7556}") = "CryptoNews", "CryptoNews\CryptoNews.csproj", "{B8893D64-7D54-46ED-9C7F-9DC8A1615E4C}"
EndProject
Project("{9A19103F-16F7-4668-BE54-9A1E7A4F7556}") = "CryptoInfrastructure", "CryptoInfrastructure\CryptoInfrastructure.csproj", "{9D7A0858-B2BA-40D7-91B8-D5C5B32FCC94}"
EndProject
Project("{9A19103F-16F7-4668-BE54-9A1E7A4F7556}") = "CryptoCore", "CryptoCore\CryptoCore.csproj", "{477912D5-CF65-48EB-A66A-45E94FE7C821}"
EndProject
Project("{9A19103F-16F7-4668-BE54-9A1E7A4F7556}") = "Twitter", "Twitter\Twitter.csproj", "{6F6AB5D6-6B36-426C-8D3A-368B73FDDC46}"
EndProject
Project("{9A19103F-16F7-4668-BE54-9A1E7A4F7556}") = "MongoDbContext", "MongoDbContext\MongoDbContext.csproj", "{A378D330-409D-4B7A-9F6E-D410B9109A31}"
EndProject
Global
	GlobalSection(SolutionConfigurationPlatforms) = preSolution
		Debug|Any CPU = Debug|Any CPU
		Release|Any CPU = Release|Any CPU
	EndGlobalSection
	GlobalSection(ProjectConfigurationPlatforms) = postSolution
		{B8893D64-7D54-46ED-9C7F-9DC8A1615E4C}.Debug|Any CPU.ActiveCfg = Debug|Any CPU
		{B8893D64-7D54-46ED-9C7F-9DC8A1615E4C}.Debug|Any CPU.Build.0 = Debug|Any CPU
		{B8893D64-7D54-46ED-9C7F-9DC8A1615E4C}.Release|Any CPU.ActiveCfg = Release|Any CPU
		{B8893D64-7D54-46ED-9C7F-9DC8A1615E4C}.Release|Any CPU.Build.0 = Release|Any CPU
		{9D7A0858-B2BA-40D7-91B8-D5C5B32FCC94}.Debug|Any CPU.ActiveCfg = Debug|Any CPU
		{9D7A0858-B2BA-40D7-91B8-D5C5B32FCC94}.Debug|Any CPU.Build.0 = Debug|Any CPU
		{9D7A0858-B2BA-40D7-91B8-D5C5B32FCC94}.Release|Any CPU.ActiveCfg = Release|Any CPU
		{9D7A0858-B2BA-40D7-91B8-D5C5B32FCC94}.Release|Any CPU.Build.0 = Release|Any CPU
		{477912D5-CF65-48EB-A66A-45E94FE7C821}.Debug|Any CPU.ActiveCfg = Debug|Any CPU
		{477912D5-CF65-48EB-A66A-45E94FE7C821}.Debug|Any CPU.Build.0 = Debug|Any CPU
		{477912D5-CF65-48EB-A66A-45E94FE7C821}.Release|Any CPU.ActiveCfg = Release|Any CPU
		{477912D5-CF65-48EB-A66A-45E94FE7C821}.Release|Any CPU.Build.0 = Release|Any CPU
		{6F6AB5D6-6B36-426C-8D3A-368B73FDDC46}.Debug|Any CPU.ActiveCfg = Debug|Any CPU
		{6F6AB5D6-6B36-426C-8D3A-368B73FDDC46}.Debug|Any CPU.Build.0 = Debug|Any CPU
		{6F6AB5D6-6B36-426C-8D3A-368B73FDDC46}.Release|Any CPU.ActiveCfg = Release|Any CPU
		{6F6AB5D6-6B36-426C-8D3A-368B73FDDC46}.Release|Any CPU.Build.0 = Release|Any CPU
		{A378D330-409D-4B7A-9F6E-D410B9109A31}.Debug|Any CPU.ActiveCfg = Debug|Any CPU
		{A378D330-409D-4B7A-9F6E-D410B9109A31}.Debug|Any CPU.Build.0 = Debug|Any CPU
		{A378D330-409D-4B7A-9F6E-D410B9109A31}.Release|Any CPU.ActiveCfg = Release|Any CPU
		{A378D330-409D-4B7A-9F6E-D410B9109A31}.Release|Any CPU.Build.0 = Release|Any CPU
	EndGlobalSection
	GlobalSection(SolutionProperties) = preSolution
		HideSolutionNode = FALSE
	EndGlobalSection
	GlobalSection(ExtensibilityGlobals) = postSolution
		SolutionGuid = {A48C349D-4060-4FF7-A565-BB2CFB14CADD}
	EndGlobalSection
EndGlobal
